// !$*UTF8*$!
{
	archiveVersion = 1;
	classes = {
	};
	objectVersion = 50;
	objects = {

/* Begin PBXBuildFile section */
		04F3F84B26B4A359001769EB /* AppDelegate.swift in Sources */ = {isa = PBXBuildFile; fileRef = 04F3F84A26B4A359001769EB /* AppDelegate.swift */; };
		04F3F84D26B4A359001769EB /* SceneDelegate.swift in Sources */ = {isa = PBXBuildFile; fileRef = 04F3F84C26B4A359001769EB /* SceneDelegate.swift */; };
		04F3F84F26B4A359001769EB /* ViewController.swift in Sources */ = {isa = PBXBuildFile; fileRef = 04F3F84E26B4A359001769EB /* ViewController.swift */; };
		04F3F85226B4A359001769EB /* Main.storyboard in Resources */ = {isa = PBXBuildFile; fileRef = 04F3F85026B4A359001769EB /* Main.storyboard */; };
		04F3F85426B4A35C001769EB /* Assets.xcassets in Resources */ = {isa = PBXBuildFile; fileRef = 04F3F85326B4A35C001769EB /* Assets.xcassets */; };
		04F3F85726B4A35C001769EB /* LaunchScreen.storyboard in Resources */ = {isa = PBXBuildFile; fileRef = 04F3F85526B4A35C001769EB /* LaunchScreen.storyboard */; };
		04F3F86226B4A35C001769EB /* RecipeTests.swift in Sources */ = {isa = PBXBuildFile; fileRef = 04F3F86126B4A35C001769EB /* RecipeTests.swift */; };
		04F3F86D26B4A35C001769EB /* RecipeUITests.swift in Sources */ = {isa = PBXBuildFile; fileRef = 04F3F86C26B4A35C001769EB /* RecipeUITests.swift */; };
/* End PBXBuildFile section */

/* Begin PBXContainerItemProxy section */
		04F3F85E26B4A35C001769EB /* PBXContainerItemProxy */ = {
			isa = PBXContainerItemProxy;
			containerPortal = 04F3F83F26B4A359001769EB /* Project object */;
			proxyType = 1;
			remoteGlobalIDString = 04F3F84626B4A359001769EB;
			remoteInfo = Recipe;
		};
		04F3F86926B4A35C001769EB /* PBXContainerItemProxy */ = {
			isa = PBXContainerItemProxy;
			containerPortal = 04F3F83F26B4A359001769EB /* Project object */;
			proxyType = 1;
			remoteGlobalIDString = 04F3F84626B4A359001769EB;
			remoteInfo = Recipe;
		};
/* End PBXContainerItemProxy section */

/* Begin PBXFileReference section */
		04F3F84726B4A359001769EB /* Recipe.app */ = {isa = PBXFileReference; explicitFileType = wrapper.application; includeInIndex = 0; path = Recipe.app; sourceTree = BUILT_PRODUCTS_DIR; };
		04F3F84A26B4A359001769EB /* AppDelegate.swift */ = {isa = PBXFileReference; lastKnownFileType = sourcecode.swift; path = AppDelegate.swift; sourceTree = "<group>"; };
		04F3F84C26B4A359001769EB /* SceneDelegate.swift */ = {isa = PBXFileReference; lastKnownFileType = sourcecode.swift; path = SceneDelegate.swift; sourceTree = "<group>"; };
		04F3F84E26B4A359001769EB /* ViewController.swift */ = {isa = PBXFileReference; lastKnownFileType = sourcecode.swift; path = ViewController.swift; sourceTree = "<group>"; };
		04F3F85126B4A359001769EB /* Base */ = {isa = PBXFileReference; lastKnownFileType = file.storyboard; name = Base; path = Base.lproj/Main.storyboard; sourceTree = "<group>"; };
		04F3F85326B4A35C001769EB /* Assets.xcassets */ = {isa = PBXFileReference; lastKnownFileType = folder.assetcatalog; path = Assets.xcassets; sourceTree = "<group>"; };
		04F3F85626B4A35C001769EB /* Base */ = {isa = PBXFileReference; lastKnownFileType = file.storyboard; name = Base; path = Base.lproj/LaunchScreen.storyboard; sourceTree = "<group>"; };
		04F3F85826B4A35C001769EB /* Info.plist */ = {isa = PBXFileReference; lastKnownFileType = text.plist.xml; path = Info.plist; sourceTree = "<group>"; };
		04F3F85D26B4A35C001769EB /* RecipeTests.xctest */ = {isa = PBXFileReference; explicitFileType = wrapper.cfbundle; includeInIndex = 0; path = RecipeTests.xctest; sourceTree = BUILT_PRODUCTS_DIR; };
		04F3F86126B4A35C001769EB /* RecipeTests.swift */ = {isa = PBXFileReference; lastKnownFileType = sourcecode.swift; path = RecipeTests.swift; sourceTree = "<group>"; };
		04F3F86326B4A35C001769EB /* Info.plist */ = {isa = PBXFileReference; lastKnownFileType = text.plist.xml; path = Info.plist; sourceTree = "<group>"; };
		04F3F86826B4A35C001769EB /* RecipeUITests.xctest */ = {isa = PBXFileReference; explicitFileType = wrapper.cfbundle; includeInIndex = 0; path = RecipeUITests.xctest; sourceTree = BUILT_PRODUCTS_DIR; };
		04F3F86C26B4A35C001769EB /* RecipeUITests.swift */ = {isa = PBXFileReference; lastKnownFileType = sourcecode.swift; path = RecipeUITests.swift; sourceTree = "<group>"; };
		04F3F86E26B4A35C001769EB /* Info.plist */ = {isa = PBXFileReference; lastKnownFileType = text.plist.xml; path = Info.plist; sourceTree = "<group>"; };
/* End PBXFileReference section */

/* Begin PBXFrameworksBuildPhase section */
		04F3F84426B4A359001769EB /* Frameworks */ = {
			isa = PBXFrameworksBuildPhase;
			buildActionMask = 2147483647;
			files = (
			);
			runOnlyForDeploymentPostprocessing = 0;
		};
		04F3F85A26B4A35C001769EB /* Frameworks */ = {
			isa = PBXFrameworksBuildPhase;
			buildActionMask = 2147483647;
			files = (
			);
			runOnlyForDeploymentPostprocessing = 0;
		};
		04F3F86526B4A35C001769EB /* Frameworks */ = {
			isa = PBXFrameworksBuildPhase;
			buildActionMask = 2147483647;
			files = (
			);
			runOnlyForDeploymentPostprocessing = 0;
		};
/* End PBXFrameworksBuildPhase section */

/* Begin PBXGroup section */
		04F3F83E26B4A359001769EB = {
			isa = PBXGroup;
			children = (
				04F3F84926B4A359001769EB /* Recipe */,
				04F3F86026B4A35C001769EB /* RecipeTests */,
				04F3F86B26B4A35C001769EB /* RecipeUITests */,
				04F3F84826B4A359001769EB /* Products */,
			);
			sourceTree = "<group>";
		};
		04F3F84826B4A359001769EB /* Products */ = {
			isa = PBXGroup;
			children = (
				04F3F84726B4A359001769EB /* Recipe.app */,
				04F3F85D26B4A35C001769EB /* RecipeTests.xctest */,
				04F3F86826B4A35C001769EB /* RecipeUITests.xctest */,
			);
			name = Products;
			sourceTree = "<group>";
		};
		04F3F84926B4A359001769EB /* Recipe */ = {
			isa = PBXGroup;
			children = (
				04F3F84A26B4A359001769EB /* AppDelegate.swift */,
				04F3F84C26B4A359001769EB /* SceneDelegate.swift */,
				04F3F84E26B4A359001769EB /* ViewController.swift */,
				04F3F85026B4A359001769EB /* Main.storyboard */,
				04F3F85326B4A35C001769EB /* Assets.xcassets */,
				04F3F85526B4A35C001769EB /* LaunchScreen.storyboard */,
				04F3F85826B4A35C001769EB /* Info.plist */,
			);
			path = Recipe;
			sourceTree = "<group>";
		};
		04F3F86026B4A35C001769EB /* RecipeTests */ = {
			isa = PBXGroup;
			children = (
				04F3F86126B4A35C001769EB /* RecipeTests.swift */,
				04F3F86326B4A35C001769EB /* Info.plist */,
			);
			path = RecipeTests;
			sourceTree = "<group>";
		};
		04F3F86B26B4A35C001769EB /* RecipeUITests */ = {
			isa = PBXGroup;
			children = (
				04F3F86C26B4A35C001769EB /* RecipeUITests.swift */,
				04F3F86E26B4A35C001769EB /* Info.plist */,
			);
			path = RecipeUITests;
			sourceTree = "<group>";
		};
/* End PBXGroup section */

/* Begin PBXNativeTarget section */
		04F3F84626B4A359001769EB /* Recipe */ = {
			isa = PBXNativeTarget;
			buildConfigurationList = 04F3F87126B4A35C001769EB /* Build configuration list for PBXNativeTarget "Recipe" */;
			buildPhases = (
				04F3F84326B4A359001769EB /* Sources */,
				04F3F84426B4A359001769EB /* Frameworks */,
				04F3F84526B4A359001769EB /* Resources */,
			);
			buildRules = (
			);
			dependencies = (
			);
			name = Recipe;
			productName = Recipe;
			productReference = 04F3F84726B4A359001769EB /* Recipe.app */;
			productType = "com.apple.product-type.application";
		};
		04F3F85C26B4A35C001769EB /* RecipeTests */ = {
			isa = PBXNativeTarget;
			buildConfigurationList = 04F3F87426B4A35C001769EB /* Build configuration list for PBXNativeTarget "RecipeTests" */;
			buildPhases = (
				04F3F85926B4A35C001769EB /* Sources */,
				04F3F85A26B4A35C001769EB /* Frameworks */,
				04F3F85B26B4A35C001769EB /* Resources */,
			);
			buildRules = (
			);
			dependencies = (
				04F3F85F26B4A35C001769EB /* PBXTargetDependency */,
			);
			name = RecipeTests;
			productName = RecipeTests;
			productReference = 04F3F85D26B4A35C001769EB /* RecipeTests.xctest */;
			productType = "com.apple.product-type.bundle.unit-test";
		};
		04F3F86726B4A35C001769EB /* RecipeUITests */ = {
			isa = PBXNativeTarget;
			buildConfigurationList = 04F3F87726B4A35C001769EB /* Build configuration list for PBXNativeTarget "RecipeUITests" */;
			buildPhases = (
				04F3F86426B4A35C001769EB /* Sources */,
				04F3F86526B4A35C001769EB /* Frameworks */,
				04F3F86626B4A35C001769EB /* Resources */,
			);
			buildRules = (
			);
			dependencies = (
				04F3F86A26B4A35C001769EB /* PBXTargetDependency */,
			);
			name = RecipeUITests;
			productName = RecipeUITests;
			productReference = 04F3F86826B4A35C001769EB /* RecipeUITests.xctest */;
			productType = "com.apple.product-type.bundle.ui-testing";
		};
/* End PBXNativeTarget section */

/* Begin PBXProject section */
		04F3F83F26B4A359001769EB /* Project object */ = {
			isa = PBXProject;
			attributes = {
				LastSwiftUpdateCheck = 1250;
				LastUpgradeCheck = 1250;
				TargetAttributes = {
					04F3F84626B4A359001769EB = {
						CreatedOnToolsVersion = 12.5;
					};
					04F3F85C26B4A35C001769EB = {
						CreatedOnToolsVersion = 12.5;
						TestTargetID = 04F3F84626B4A359001769EB;
					};
					04F3F86726B4A35C001769EB = {
						CreatedOnToolsVersion = 12.5;
						TestTargetID = 04F3F84626B4A359001769EB;
					};
				};
			};
			buildConfigurationList = 04F3F84226B4A359001769EB /* Build configuration list for PBXProject "Recipe" */;
			compatibilityVersion = "Xcode 9.3";
			developmentRegion = en;
			hasScannedForEncodings = 0;
			knownRegions = (
				en,
				Base,
			);
			mainGroup = 04F3F83E26B4A359001769EB;
			productRefGroup = 04F3F84826B4A359001769EB /* Products */;
			projectDirPath = "";
			projectRoot = "";
			targets = (
				04F3F84626B4A359001769EB /* Recipe */,
				04F3F85C26B4A35C001769EB /* RecipeTests */,
				04F3F86726B4A35C001769EB /* RecipeUITests */,
			);
		};
/* End PBXProject section */

/* Begin PBXResourcesBuildPhase section */
		04F3F84526B4A359001769EB /* Resources */ = {
			isa = PBXResourcesBuildPhase;
			buildActionMask = 2147483647;
			files = (
				04F3F85726B4A35C001769EB /* LaunchScreen.storyboard in Resources */,
				04F3F85426B4A35C001769EB /* Assets.xcassets in Resources */,
				04F3F85226B4A359001769EB /* Main.storyboard in Resources */,
			);
			runOnlyForDeploymentPostprocessing = 0;
		};
		04F3F85B26B4A35C001769EB /* Resources */ = {
			isa = PBXResourcesBuildPhase;
			buildActionMask = 2147483647;
			files = (
			);
			runOnlyForDeploymentPostprocessing = 0;
		};
		04F3F86626B4A35C001769EB /* Resources */ = {
			isa = PBXResourcesBuildPhase;
			buildActionMask = 2147483647;
			files = (
			);
			runOnlyForDeploymentPostprocessing = 0;
		};
/* End PBXResourcesBuildPhase section */

/* Begin PBXSourcesBuildPhase section */
		04F3F84326B4A359001769EB /* Sources */ = {
			isa = PBXSourcesBuildPhase;
			buildActionMask = 2147483647;
			files = (
				04F3F84F26B4A359001769EB /* ViewController.swift in Sources */,
				04F3F84B26B4A359001769EB /* AppDelegate.swift in Sources */,
				04F3F84D26B4A359001769EB /* SceneDelegate.swift in Sources */,
			);
			runOnlyForDeploymentPostprocessing = 0;
		};
		04F3F85926B4A35C001769EB /* Sources */ = {
			isa = PBXSourcesBuildPhase;
			buildActionMask = 2147483647;
			files = (
				04F3F86226B4A35C001769EB /* RecipeTests.swift in Sources */,
			);
			runOnlyForDeploymentPostprocessing = 0;
		};
		04F3F86426B4A35C001769EB /* Sources */ = {
			isa = PBXSourcesBuildPhase;
			buildActionMask = 2147483647;
			files = (
				04F3F86D26B4A35C001769EB /* RecipeUITests.swift in Sources */,
			);
			runOnlyForDeploymentPostprocessing = 0;
		};
/* End PBXSourcesBuildPhase section */

/* Begin PBXTargetDependency section */
		04F3F85F26B4A35C001769EB /* PBXTargetDependency */ = {
			isa = PBXTargetDependency;
			target = 04F3F84626B4A359001769EB /* Recipe */;
			targetProxy = 04F3F85E26B4A35C001769EB /* PBXContainerItemProxy */;
		};
		04F3F86A26B4A35C001769EB /* PBXTargetDependency */ = {
			isa = PBXTargetDependency;
			target = 04F3F84626B4A359001769EB /* Recipe */;
			targetProxy = 04F3F86926B4A35C001769EB /* PBXContainerItemProxy */;
		};
/* End PBXTargetDependency section */

/* Begin PBXVariantGroup section */
		04F3F85026B4A359001769EB /* Main.storyboard */ = {
			isa = PBXVariantGroup;
			children = (
				04F3F85126B4A359001769EB /* Base */,
			);
			name = Main.storyboard;
			sourceTree = "<group>";
		};
		04F3F85526B4A35C001769EB /* LaunchScreen.storyboard */ = {
			isa = PBXVariantGroup;
			children = (
				04F3F85626B4A35C001769EB /* Base */,
			);
			name = LaunchScreen.storyboard;
			sourceTree = "<group>";
		};
/* End PBXVariantGroup section */

/* Begin XCBuildConfiguration section */
		04F3F86F26B4A35C001769EB /* Debug */ = {
			isa = XCBuildConfiguration;
			buildSettings = {
				ALWAYS_SEARCH_USER_PATHS = NO;
				CLANG_ANALYZER_NONNULL = YES;
				CLANG_ANALYZER_NUMBER_OBJECT_CONVERSION = YES_AGGRESSIVE;
				CLANG_CXX_LANGUAGE_STANDARD = "gnu++14";
				CLANG_CXX_LIBRARY = "libc++";
				CLANG_ENABLE_MODULES = YES;
				CLANG_ENABLE_OBJC_ARC = YES;
				CLANG_ENABLE_OBJC_WEAK = YES;
				CLANG_WARN_BLOCK_CAPTURE_AUTORELEASING = YES;
				CLANG_WARN_BOOL_CONVERSION = YES;
				CLANG_WARN_COMMA = YES;
				CLANG_WARN_CONSTANT_CONVERSION = YES;
				CLANG_WARN_DEPRECATED_OBJC_IMPLEMENTATIONS = YES;
				CLANG_WARN_DIRECT_OBJC_ISA_USAGE = YES_ERROR;
				CLANG_WARN_DOCUMENTATION_COMMENTS = YES;
				CLANG_WARN_EMPTY_BODY = YES;
				CLANG_WARN_ENUM_CONVERSION = YES;
				CLANG_WARN_INFINITE_RECURSION = YES;
				CLANG_WARN_INT_CONVERSION = YES;
				CLANG_WARN_NON_LITERAL_NULL_CONVERSION = YES;
				CLANG_WARN_OBJC_IMPLICIT_RETAIN_SELF = YES;
				CLANG_WARN_OBJC_LITERAL_CONVERSION = YES;
				CLANG_WARN_OBJC_ROOT_CLASS = YES_ERROR;
				CLANG_WARN_QUOTED_INCLUDE_IN_FRAMEWORK_HEADER = YES;
				CLANG_WARN_RANGE_LOOP_ANALYSIS = YES;
				CLANG_WARN_STRICT_PROTOTYPES = YES;
				CLANG_WARN_SUSPICIOUS_MOVE = YES;
				CLANG_WARN_UNGUARDED_AVAILABILITY = YES_AGGRESSIVE;
				CLANG_WARN_UNREACHABLE_CODE = YES;
				CLANG_WARN__DUPLICATE_METHOD_MATCH = YES;
				COPY_PHASE_STRIP = NO;
				DEBUG_INFORMATION_FORMAT = dwarf;
				ENABLE_STRICT_OBJC_MSGSEND = YES;
				ENABLE_TESTABILITY = YES;
				GCC_C_LANGUAGE_STANDARD = gnu11;
				GCC_DYNAMIC_NO_PIC = NO;
				GCC_NO_COMMON_BLOCKS = YES;
				GCC_OPTIMIZATION_LEVEL = 0;
				GCC_PREPROCESSOR_DEFINITIONS = (
					"DEBUG=1",
					"$(inherited)",
				);
				GCC_WARN_64_TO_32_BIT_CONVERSION = YES;
				GCC_WARN_ABOUT_RETURN_TYPE = YES_ERROR;
				GCC_WARN_UNDECLARED_SELECTOR = YES;
				GCC_WARN_UNINITIALIZED_AUTOS = YES_AGGRESSIVE;
				GCC_WARN_UNUSED_FUNCTION = YES;
				GCC_WARN_UNUSED_VARIABLE = YES;
				IPHONEOS_DEPLOYMENT_TARGET = 14.5;
				MTL_ENABLE_DEBUG_INFO = INCLUDE_SOURCE;
				MTL_FAST_MATH = YES;
				ONLY_ACTIVE_ARCH = YES;
				SDKROOT = iphoneos;
				SWIFT_ACTIVE_COMPILATION_CONDITIONS = DEBUG;
				SWIFT_OPTIMIZATION_LEVEL = "-Onone";
			};
			name = Debug;
		};
		04F3F87026B4A35C001769EB /* Release */ = {
			isa = XCBuildConfiguration;
			buildSettings = {
				ALWAYS_SEARCH_USER_PATHS = NO;
				CLANG_ANALYZER_NONNULL = YES;
				CLANG_ANALYZER_NUMBER_OBJECT_CONVERSION = YES_AGGRESSIVE;
				CLANG_CXX_LANGUAGE_STANDARD = "gnu++14";
				CLANG_CXX_LIBRARY = "libc++";
				CLANG_ENABLE_MODULES = YES;
				CLANG_ENABLE_OBJC_ARC = YES;
				CLANG_ENABLE_OBJC_WEAK = YES;
				CLANG_WARN_BLOCK_CAPTURE_AUTORELEASING = YES;
				CLANG_WARN_BOOL_CONVERSION = YES;
				CLANG_WARN_COMMA = YES;
				CLANG_WARN_CONSTANT_CONVERSION = YES;
				CLANG_WARN_DEPRECATED_OBJC_IMPLEMENTATIONS = YES;
				CLANG_WARN_DIRECT_OBJC_ISA_USAGE = YES_ERROR;
				CLANG_WARN_DOCUMENTATION_COMMENTS = YES;
				CLANG_WARN_EMPTY_BODY = YES;
				CLANG_WARN_ENUM_CONVERSION = YES;
				CLANG_WARN_INFINITE_RECURSION = YES;
				CLANG_WARN_INT_CONVERSION = YES;
				CLANG_WARN_NON_LITERAL_NULL_CONVERSION = YES;
				CLANG_WARN_OBJC_IMPLICIT_RETAIN_SELF = YES;
				CLANG_WARN_OBJC_LITERAL_CONVERSION = YES;
				CLANG_WARN_OBJC_ROOT_CLASS = YES_ERROR;
				CLANG_WARN_QUOTED_INCLUDE_IN_FRAMEWORK_HEADER = YES;
				CLANG_WARN_RANGE_LOOP_ANALYSIS = YES;
				CLANG_WARN_STRICT_PROTOTYPES = YES;
				CLANG_WARN_SUSPICIOUS_MOVE = YES;
				CLANG_WARN_UNGUARDED_AVAILABILITY = YES_AGGRESSIVE;
				CLANG_WARN_UNREACHABLE_CODE = YES;
				CLANG_WARN__DUPLICATE_METHOD_MATCH = YES;
				COPY_PHASE_STRIP = NO;
				DEBUG_INFORMATION_FORMAT = "dwarf-with-dsym";
				ENABLE_NS_ASSERTIONS = NO;
				ENABLE_STRICT_OBJC_MSGSEND = YES;
				GCC_C_LANGUAGE_STANDARD = gnu11;
				GCC_NO_COMMON_BLOCKS = YES;
				GCC_WARN_64_TO_32_BIT_CONVERSION = YES;
				GCC_WARN_ABOUT_RETURN_TYPE = YES_ERROR;
				GCC_WARN_UNDECLARED_SELECTOR = YES;
				GCC_WARN_UNINITIALIZED_AUTOS = YES_AGGRESSIVE;
				GCC_WARN_UNUSED_FUNCTION = YES;
				GCC_WARN_UNUSED_VARIABLE = YES;
				IPHONEOS_DEPLOYMENT_TARGET = 14.5;
				MTL_ENABLE_DEBUG_INFO = NO;
				MTL_FAST_MATH = YES;
				SDKROOT = iphoneos;
				SWIFT_COMPILATION_MODE = wholemodule;
				SWIFT_OPTIMIZATION_LEVEL = "-O";
				VALIDATE_PRODUCT = YES;
			};
			name = Release;
		};
		04F3F87226B4A35C001769EB /* Debug */ = {
			isa = XCBuildConfiguration;
			buildSettings = {
				ASSETCATALOG_COMPILER_APPICON_NAME = AppIcon;
				ASSETCATALOG_COMPILER_GLOBAL_ACCENT_COLOR_NAME = AccentColor;
				CODE_SIGN_STYLE = Automatic;
				DEVELOPMENT_TEAM = CGV6S2UF6C;
				INFOPLIST_FILE = Recipe/Info.plist;
				LD_RUNPATH_SEARCH_PATHS = (
					"$(inherited)",
					"@executable_path/Frameworks",
				);
				PRODUCT_BUNDLE_IDENTIFIER = com.trixide.Recipe.Recipe;
				PRODUCT_NAME = "$(TARGET_NAME)";
				SWIFT_VERSION = 5.0;
				TARGETED_DEVICE_FAMILY = "1,2";
			};
			name = Debug;
		};
		04F3F87326B4A35C001769EB /* Release */ = {
			isa = XCBuildConfiguration;
			buildSettings = {
				ASSETCATALOG_COMPILER_APPICON_NAME = AppIcon;
				ASSETCATALOG_COMPILER_GLOBAL_ACCENT_COLOR_NAME = AccentColor;
				CODE_SIGN_STYLE = Automatic;
				DEVELOPMENT_TEAM = CGV6S2UF6C;
				INFOPLIST_FILE = Recipe/Info.plist;
				LD_RUNPATH_SEARCH_PATHS = (
					"$(inherited)",
					"@executable_path/Frameworks",
				);
				PRODUCT_BUNDLE_IDENTIFIER = com.trixide.Recipe.Recipe;
				PRODUCT_NAME = "$(TARGET_NAME)";
				SWIFT_VERSION = 5.0;
				TARGETED_DEVICE_FAMILY = "1,2";
			};
			name = Release;
		};
		04F3F87526B4A35C001769EB /* Debug */ = {
			isa = XCBuildConfiguration;
			buildSettings = {
				ALWAYS_EMBED_SWIFT_STANDARD_LIBRARIES = YES;
				BUNDLE_LOADER = "$(TEST_HOST)";
				CODE_SIGN_STYLE = Automatic;
				DEVELOPMENT_TEAM = CGV6S2UF6C;
				INFOPLIST_FILE = RecipeTests/Info.plist;
				IPHONEOS_DEPLOYMENT_TARGET = 14.5;
				LD_RUNPATH_SEARCH_PATHS = (
					"$(inherited)",
					"@executable_path/Frameworks",
					"@loader_path/Frameworks",
				);
				PRODUCT_BUNDLE_IDENTIFIER = com.trixide.Recipe.RecipeTests;
				PRODUCT_NAME = "$(TARGET_NAME)";
				SWIFT_VERSION = 5.0;
				TARGETED_DEVICE_FAMILY = "1,2";
				TEST_HOST = "$(BUILT_PRODUCTS_DIR)/Recipe.app/Recipe";
			};
			name = Debug;
		};
		04F3F87626B4A35C001769EB /* Release */ = {
			isa = XCBuildConfiguration;
			buildSettings = {
				ALWAYS_EMBED_SWIFT_STANDARD_LIBRARIES = YES;
				BUNDLE_LOADER = "$(TEST_HOST)";
				CODE_SIGN_STYLE = Automatic;
				DEVELOPMENT_TEAM = CGV6S2UF6C;
				INFOPLIST_FILE = RecipeTests/Info.plist;
				IPHONEOS_DEPLOYMENT_TARGET = 14.5;
				LD_RUNPATH_SEARCH_PATHS = (
					"$(inherited)",
					"@executable_path/Frameworks",
					"@loader_path/Frameworks",
				);
				PRODUCT_BUNDLE_IDENTIFIER = com.trixide.Recipe.RecipeTests;
				PRODUCT_NAME = "$(TARGET_NAME)";
				SWIFT_VERSION = 5.0;
				TARGETED_DEVICE_FAMILY = "1,2";
				TEST_HOST = "$(BUILT_PRODUCTS_DIR)/Recipe.app/Recipe";
			};
			name = Release;
		};
		04F3F87826B4A35C001769EB /* Debug */ = {
			isa = XCBuildConfiguration;
			buildSettings = {
				ALWAYS_EMBED_SWIFT_STANDARD_LIBRARIES = YES;
				CODE_SIGN_STYLE = Automatic;
				DEVELOPMENT_TEAM = CGV6S2UF6C;
				INFOPLIST_FILE = RecipeUITests/Info.plist;
				LD_RUNPATH_SEARCH_PATHS = (
					"$(inherited)",
					"@executable_path/Frameworks",
					"@loader_path/Frameworks",
				);
				PRODUCT_BUNDLE_IDENTIFIER = com.trixide.Recipe.RecipeUITests;
				PRODUCT_NAME = "$(TARGET_NAME)";
				SWIFT_VERSION = 5.0;
				TARGETED_DEVICE_FAMILY = "1,2";
				TEST_TARGET_NAME = Recipe;
			};
			name = Debug;
		};
		04F3F87926B4A35C001769EB /* Release */ = {
			isa = XCBuildConfiguration;
			buildSettings = {
				ALWAYS_EMBED_SWIFT_STANDARD_LIBRARIES = YES;
				CODE_SIGN_STYLE = Automatic;
				DEVELOPMENT_TEAM = CGV6S2UF6C;
				INFOPLIST_FILE = RecipeUITests/Info.plist;
				LD_RUNPATH_SEARCH_PATHS = (
					"$(inherited)",
					"@executable_path/Frameworks",
					"@loader_path/Frameworks",
				);
				PRODUCT_BUNDLE_IDENTIFIER = com.trixide.Recipe.RecipeUITests;
				PRODUCT_NAME = "$(TARGET_NAME)";
				SWIFT_VERSION = 5.0;
				TARGETED_DEVICE_FAMILY = "1,2";
				TEST_TARGET_NAME = Recipe;
			};
			name = Release;
		};
/* End XCBuildConfiguration section */

/* Begin XCConfigurationList section */
		04F3F84226B4A359001769EB /* Build configuration list for PBXProject "Recipe" */ = {
			isa = XCConfigurationList;
			buildConfigurations = (
				04F3F86F26B4A35C001769EB /* Debug */,
				04F3F87026B4A35C001769EB /* Release */,
			);
			defaultConfigurationIsVisible = 0;
			defaultConfigurationName = Release;
		};
		04F3F87126B4A35C001769EB /* Build configuration list for PBXNativeTarget "Recipe" */ = {
			isa = XCConfigurationList;
			buildConfigurations = (
				04F3F87226B4A35C001769EB /* Debug */,
				04F3F87326B4A35C001769EB /* Release */,
			);
			defaultConfigurationIsVisible = 0;
			defaultConfigurationName = Release;
		};
		04F3F87426B4A35C001769EB /* Build configuration list for PBXNativeTarget "RecipeTests" */ = {
			isa = XCConfigurationList;
			buildConfigurations = (
				04F3F87526B4A35C001769EB /* Debug */,
				04F3F87626B4A35C001769EB /* Release */,
			);
			defaultConfigurationIsVisible = 0;
			defaultConfigurationName = Release;
		};
		04F3F87726B4A35C001769EB /* Build configuration list for PBXNativeTarget "RecipeUITests" */ = {
			isa = XCConfigurationList;
			buildConfigurations = (
				04F3F87826B4A35C001769EB /* Debug */,
				04F3F87926B4A35C001769EB /* Release */,
			);
			defaultConfigurationIsVisible = 0;
			defaultConfigurationName = Release;
		};
/* End XCConfigurationList section */
	};
	rootObject = 04F3F83F26B4A359001769EB /* Project object */;
}
